// !$*UTF8*$!
{
	archiveVersion = 1;
	classes = {
	};
	objectVersion = 50;
	objects = {

/* Begin PBXBuildFile section */
		0F75926C152A20C1AD458803 /* Pods_Conquer_World.framework in Frameworks */ = {isa = PBXBuildFile; fileRef = 922CD94CA913922D520E4E49 /* Pods_Conquer_World.framework */; };
		3217434B208A1ABE006CB6A3 /* AppDelegate.swift in Sources */ = {isa = PBXBuildFile; fileRef = 3217434A208A1ABE006CB6A3 /* AppDelegate.swift */; };
		32174350208A1ABE006CB6A3 /* Main.storyboard in Resources */ = {isa = PBXBuildFile; fileRef = 3217434E208A1ABE006CB6A3 /* Main.storyboard */; };
		32174352208A1AC0006CB6A3 /* Assets.xcassets in Resources */ = {isa = PBXBuildFile; fileRef = 32174351208A1AC0006CB6A3 /* Assets.xcassets */; };
		32174355208A1AC0006CB6A3 /* LaunchScreen.storyboard in Resources */ = {isa = PBXBuildFile; fileRef = 32174353208A1AC0006CB6A3 /* LaunchScreen.storyboard */; };
		3217435D208A1BBD006CB6A3 /* GoogleService-Info.plist in Resources */ = {isa = PBXBuildFile; fileRef = 3217435C208A1BBD006CB6A3 /* GoogleService-Info.plist */; };
		328C3A7A208A2343002B680A /* CWModel.xcdatamodeld in Sources */ = {isa = PBXBuildFile; fileRef = 328C3A78208A2343002B680A /* CWModel.xcdatamodeld */; };
		328C3A7C208A2355002B680A /* CoreDataStack.swift in Sources */ = {isa = PBXBuildFile; fileRef = 328C3A7B208A2355002B680A /* CoreDataStack.swift */; };
		328C3A80208A2949002B680A /* LoginViewController.swift in Sources */ = {isa = PBXBuildFile; fileRef = 328C3A7F208A2949002B680A /* LoginViewController.swift */; };
		328C3A84208A2B44002B680A /* CW_Serv_Auth.swift in Sources */ = {isa = PBXBuildFile; fileRef = 328C3A83208A2B44002B680A /* CW_Serv_Auth.swift */; };
		328C3A86208A2BA1002B680A /* DB_Collection.swift in Sources */ = {isa = PBXBuildFile; fileRef = 328C3A85208A2BA1002B680A /* DB_Collection.swift */; };
		328C3A89208A2C3E002B680A /* Functions.swift in Sources */ = {isa = PBXBuildFile; fileRef = 328C3A88208A2C3E002B680A /* Functions.swift */; };
		328C3A8B208A2CA3002B680A /* Typealias.swift in Sources */ = {isa = PBXBuildFile; fileRef = 328C3A8A208A2CA3002B680A /* Typealias.swift */; };
		328C3A8D208A2CC9002B680A /* UserCW.swift in Sources */ = {isa = PBXBuildFile; fileRef = 328C3A8C208A2CC9002B680A /* UserCW.swift */; };
		328C3A91208A2DB0002B680A /* CW_Serv_User.swift in Sources */ = {isa = PBXBuildFile; fileRef = 328C3A90208A2DB0002B680A /* CW_Serv_User.swift */; };
/* End PBXBuildFile section */

/* Begin PBXFileReference section */
		32174347208A1ABE006CB6A3 /* Conquer World.app */ = {isa = PBXFileReference; explicitFileType = wrapper.application; includeInIndex = 0; path = "Conquer World.app"; sourceTree = BUILT_PRODUCTS_DIR; };
		3217434A208A1ABE006CB6A3 /* AppDelegate.swift */ = {isa = PBXFileReference; lastKnownFileType = sourcecode.swift; path = AppDelegate.swift; sourceTree = "<group>"; };
		3217434F208A1ABE006CB6A3 /* Base */ = {isa = PBXFileReference; lastKnownFileType = file.storyboard; name = Base; path = Base.lproj/Main.storyboard; sourceTree = "<group>"; };
		32174351208A1AC0006CB6A3 /* Assets.xcassets */ = {isa = PBXFileReference; lastKnownFileType = folder.assetcatalog; path = Assets.xcassets; sourceTree = "<group>"; };
		32174354208A1AC0006CB6A3 /* Base */ = {isa = PBXFileReference; lastKnownFileType = file.storyboard; name = Base; path = Base.lproj/LaunchScreen.storyboard; sourceTree = "<group>"; };
		32174356208A1AC0006CB6A3 /* Info.plist */ = {isa = PBXFileReference; lastKnownFileType = text.plist.xml; path = Info.plist; sourceTree = "<group>"; };
		3217435C208A1BBD006CB6A3 /* GoogleService-Info.plist */ = {isa = PBXFileReference; fileEncoding = 4; lastKnownFileType = text.plist.xml; path = "GoogleService-Info.plist"; sourceTree = "<group>"; };
		328C3A79208A2343002B680A /* CWModel.xcdatamodel */ = {isa = PBXFileReference; lastKnownFileType = wrapper.xcdatamodel; path = CWModel.xcdatamodel; sourceTree = "<group>"; };
		328C3A7B208A2355002B680A /* CoreDataStack.swift */ = {isa = PBXFileReference; lastKnownFileType = sourcecode.swift; path = CoreDataStack.swift; sourceTree = "<group>"; };
		328C3A7F208A2949002B680A /* LoginViewController.swift */ = {isa = PBXFileReference; lastKnownFileType = sourcecode.swift; path = LoginViewController.swift; sourceTree = "<group>"; };
		328C3A83208A2B44002B680A /* CW_Serv_Auth.swift */ = {isa = PBXFileReference; lastKnownFileType = sourcecode.swift; path = CW_Serv_Auth.swift; sourceTree = "<group>"; };
		328C3A85208A2BA1002B680A /* DB_Collection.swift */ = {isa = PBXFileReference; lastKnownFileType = sourcecode.swift; path = DB_Collection.swift; sourceTree = "<group>"; };
		328C3A88208A2C3E002B680A /* Functions.swift */ = {isa = PBXFileReference; lastKnownFileType = sourcecode.swift; path = Functions.swift; sourceTree = "<group>"; };
		328C3A8A208A2CA3002B680A /* Typealias.swift */ = {isa = PBXFileReference; lastKnownFileType = sourcecode.swift; path = Typealias.swift; sourceTree = "<group>"; };
		328C3A8C208A2CC9002B680A /* UserCW.swift */ = {isa = PBXFileReference; lastKnownFileType = sourcecode.swift; path = UserCW.swift; sourceTree = "<group>"; };
		328C3A90208A2DB0002B680A /* CW_Serv_User.swift */ = {isa = PBXFileReference; lastKnownFileType = sourcecode.swift; path = CW_Serv_User.swift; sourceTree = "<group>"; };
		32B58608B24A1121FB67668D /* Pods-Conquer World.debug.xcconfig */ = {isa = PBXFileReference; includeInIndex = 1; lastKnownFileType = text.xcconfig; name = "Pods-Conquer World.debug.xcconfig"; path = "Pods/Target Support Files/Pods-Conquer World/Pods-Conquer World.debug.xcconfig"; sourceTree = "<group>"; };
		922CD94CA913922D520E4E49 /* Pods_Conquer_World.framework */ = {isa = PBXFileReference; explicitFileType = wrapper.framework; includeInIndex = 0; path = Pods_Conquer_World.framework; sourceTree = BUILT_PRODUCTS_DIR; };
		A6AD42FBF052157DD3DBCA56 /* Pods-Conquer World.release.xcconfig */ = {isa = PBXFileReference; includeInIndex = 1; lastKnownFileType = text.xcconfig; name = "Pods-Conquer World.release.xcconfig"; path = "Pods/Target Support Files/Pods-Conquer World/Pods-Conquer World.release.xcconfig"; sourceTree = "<group>"; };
/* End PBXFileReference section */

/* Begin PBXFrameworksBuildPhase section */
		32174344208A1ABE006CB6A3 /* Frameworks */ = {
			isa = PBXFrameworksBuildPhase;
			buildActionMask = 2147483647;
			files = (
				0F75926C152A20C1AD458803 /* Pods_Conquer_World.framework in Frameworks */,
			);
			runOnlyForDeploymentPostprocessing = 0;
		};
/* End PBXFrameworksBuildPhase section */

/* Begin PBXGroup section */
		317B72FA52839B216845C454 /* Frameworks */ = {
			isa = PBXGroup;
			children = (
				922CD94CA913922D520E4E49 /* Pods_Conquer_World.framework */,
			);
			name = Frameworks;
			sourceTree = "<group>";
		};
		3217433E208A1ABE006CB6A3 = {
			isa = PBXGroup;
			children = (
				32174349208A1ABE006CB6A3 /* Conquer World */,
				32174348208A1ABE006CB6A3 /* Products */,
				BB96D69EB5DAC342730BA0BC /* Pods */,
				317B72FA52839B216845C454 /* Frameworks */,
			);
			sourceTree = "<group>";
		};
		32174348208A1ABE006CB6A3 /* Products */ = {
			isa = PBXGroup;
			children = (
				32174347208A1ABE006CB6A3 /* Conquer World.app */,
			);
			name = Products;
			sourceTree = "<group>";
		};
		32174349208A1ABE006CB6A3 /* Conquer World */ = {
			isa = PBXGroup;
			children = (
				328C3A87208A2C31002B680A /* Extra */,
				328C3A82208A2B28002B680A /* Services */,
				328C3A81208A2B1E002B680A /* Entities */,
				328C3A7D208A2439002B680A /* Views */,
				328C3A77208A2318002B680A /* CoreData */,
				3217435C208A1BBD006CB6A3 /* GoogleService-Info.plist */,
				3217434A208A1ABE006CB6A3 /* AppDelegate.swift */,
				3217434E208A1ABE006CB6A3 /* Main.storyboard */,
				32174351208A1AC0006CB6A3 /* Assets.xcassets */,
				32174353208A1AC0006CB6A3 /* LaunchScreen.storyboard */,
				32174356208A1AC0006CB6A3 /* Info.plist */,
			);
			path = "Conquer World";
			sourceTree = "<group>";
		};
		328C3A77208A2318002B680A /* CoreData */ = {
			isa = PBXGroup;
			children = (
				328C3A78208A2343002B680A /* CWModel.xcdatamodeld */,
				328C3A7B208A2355002B680A /* CoreDataStack.swift */,
			);
			path = CoreData;
			sourceTree = "<group>";
		};
		328C3A7D208A2439002B680A /* Views */ = {
			isa = PBXGroup;
			children = (
				328C3A7E208A2931002B680A /* LoginView */,
			);
			path = Views;
			sourceTree = "<group>";
		};
		328C3A7E208A2931002B680A /* LoginView */ = {
			isa = PBXGroup;
			children = (
				328C3A7F208A2949002B680A /* LoginViewController.swift */,
			);
			path = LoginView;
			sourceTree = "<group>";
		};
		328C3A81208A2B1E002B680A /* Entities */ = {
			isa = PBXGroup;
			children = (
				328C3A8C208A2CC9002B680A /* UserCW.swift */,
			);
			path = Entities;
			sourceTree = "<group>";
		};
		328C3A82208A2B28002B680A /* Services */ = {
			isa = PBXGroup;
			children = (
				328C3A83208A2B44002B680A /* CW_Serv_Auth.swift */,
				328C3A90208A2DB0002B680A /* CW_Serv_User.swift */,
				328C3A85208A2BA1002B680A /* DB_Collection.swift */,
			);
			path = Services;
			sourceTree = "<group>";
		};
		328C3A87208A2C31002B680A /* Extra */ = {
			isa = PBXGroup;
			children = (
				328C3A88208A2C3E002B680A /* Functions.swift */,
				328C3A8A208A2CA3002B680A /* Typealias.swift */,
			);
			path = Extra;
			sourceTree = "<group>";
		};
		BB96D69EB5DAC342730BA0BC /* Pods */ = {
			isa = PBXGroup;
			children = (
				32B58608B24A1121FB67668D /* Pods-Conquer World.debug.xcconfig */,
				A6AD42FBF052157DD3DBCA56 /* Pods-Conquer World.release.xcconfig */,
			);
			name = Pods;
			sourceTree = "<group>";
		};
/* End PBXGroup section */

/* Begin PBXNativeTarget section */
		32174346208A1ABE006CB6A3 /* Conquer World */ = {
			isa = PBXNativeTarget;
			buildConfigurationList = 32174359208A1AC0006CB6A3 /* Build configuration list for PBXNativeTarget "Conquer World" */;
			buildPhases = (
				94C08637D75E96DA8F9A8B44 /* [CP] Check Pods Manifest.lock */,
				32174343208A1ABE006CB6A3 /* Sources */,
				32174344208A1ABE006CB6A3 /* Frameworks */,
				32174345208A1ABE006CB6A3 /* Resources */,
				6F6F81BD5185E82D4B7AEA01 /* [CP] Embed Pods Frameworks */,
				7E007C9472167BCCC556A8BF /* [CP] Copy Pods Resources */,
			);
			buildRules = (
			);
			dependencies = (
			);
			name = "Conquer World";
			productName = "Conquer World";
			productReference = 32174347208A1ABE006CB6A3 /* Conquer World.app */;
			productType = "com.apple.product-type.application";
		};
/* End PBXNativeTarget section */

/* Begin PBXProject section */
		3217433F208A1ABE006CB6A3 /* Project object */ = {
			isa = PBXProject;
			attributes = {
				LastSwiftUpdateCheck = 0930;
				LastUpgradeCheck = 0930;
				ORGANIZATIONNAME = "Manu S. Stier";
				TargetAttributes = {
					32174346208A1ABE006CB6A3 = {
						CreatedOnToolsVersion = 9.3;
					};
				};
			};
			buildConfigurationList = 32174342208A1ABE006CB6A3 /* Build configuration list for PBXProject "Conquer World" */;
			compatibilityVersion = "Xcode 9.3";
			developmentRegion = en;
			hasScannedForEncodings = 0;
			knownRegions = (
				en,
				Base,
			);
			mainGroup = 3217433E208A1ABE006CB6A3;
			productRefGroup = 32174348208A1ABE006CB6A3 /* Products */;
			projectDirPath = "";
			projectRoot = "";
			targets = (
				32174346208A1ABE006CB6A3 /* Conquer World */,
			);
		};
/* End PBXProject section */

/* Begin PBXResourcesBuildPhase section */
		32174345208A1ABE006CB6A3 /* Resources */ = {
			isa = PBXResourcesBuildPhase;
			buildActionMask = 2147483647;
			files = (
				32174355208A1AC0006CB6A3 /* LaunchScreen.storyboard in Resources */,
				3217435D208A1BBD006CB6A3 /* GoogleService-Info.plist in Resources */,
				32174352208A1AC0006CB6A3 /* Assets.xcassets in Resources */,
				32174350208A1ABE006CB6A3 /* Main.storyboard in Resources */,
			);
			runOnlyForDeploymentPostprocessing = 0;
		};
/* End PBXResourcesBuildPhase section */

/* Begin PBXShellScriptBuildPhase section */
		6F6F81BD5185E82D4B7AEA01 /* [CP] Embed Pods Frameworks */ = {
			isa = PBXShellScriptBuildPhase;
			buildActionMask = 2147483647;
			files = (
			);
			inputPaths = (
				"${SRCROOT}/Pods/Target Support Files/Pods-Conquer World/Pods-Conquer World-frameworks.sh",
				"${BUILT_PRODUCTS_DIR}/BoringSSL/openssl.framework",
				"${BUILT_PRODUCTS_DIR}/GTMOAuth2/GTMOAuth2.framework",
				"${BUILT_PRODUCTS_DIR}/GTMSessionFetcher/GTMSessionFetcher.framework",
				"${BUILT_PRODUCTS_DIR}/GoogleToolboxForMac/GoogleToolboxForMac.framework",
				"${BUILT_PRODUCTS_DIR}/Protobuf/Protobuf.framework",
				"${BUILT_PRODUCTS_DIR}/gRPC/GRPCClient.framework",
				"${BUILT_PRODUCTS_DIR}/gRPC-Core/grpc.framework",
				"${BUILT_PRODUCTS_DIR}/gRPC-ProtoRPC/ProtoRPC.framework",
				"${BUILT_PRODUCTS_DIR}/gRPC-RxLibrary/RxLibrary.framework",
				"${BUILT_PRODUCTS_DIR}/leveldb-library/leveldb.framework",
				"${BUILT_PRODUCTS_DIR}/nanopb/nanopb.framework",
			);
			name = "[CP] Embed Pods Frameworks";
			outputPaths = (
				"${TARGET_BUILD_DIR}/${FRAMEWORKS_FOLDER_PATH}/openssl.framework",
				"${TARGET_BUILD_DIR}/${FRAMEWORKS_FOLDER_PATH}/GTMOAuth2.framework",
				"${TARGET_BUILD_DIR}/${FRAMEWORKS_FOLDER_PATH}/GTMSessionFetcher.framework",
				"${TARGET_BUILD_DIR}/${FRAMEWORKS_FOLDER_PATH}/GoogleToolboxForMac.framework",
				"${TARGET_BUILD_DIR}/${FRAMEWORKS_FOLDER_PATH}/Protobuf.framework",
				"${TARGET_BUILD_DIR}/${FRAMEWORKS_FOLDER_PATH}/GRPCClient.framework",
				"${TARGET_BUILD_DIR}/${FRAMEWORKS_FOLDER_PATH}/grpc.framework",
				"${TARGET_BUILD_DIR}/${FRAMEWORKS_FOLDER_PATH}/ProtoRPC.framework",
				"${TARGET_BUILD_DIR}/${FRAMEWORKS_FOLDER_PATH}/RxLibrary.framework",
				"${TARGET_BUILD_DIR}/${FRAMEWORKS_FOLDER_PATH}/leveldb.framework",
				"${TARGET_BUILD_DIR}/${FRAMEWORKS_FOLDER_PATH}/nanopb.framework",
			);
			runOnlyForDeploymentPostprocessing = 0;
			shellPath = /bin/sh;
			shellScript = "\"${SRCROOT}/Pods/Target Support Files/Pods-Conquer World/Pods-Conquer World-frameworks.sh\"\n";
			showEnvVarsInLog = 0;
		};
		7E007C9472167BCCC556A8BF /* [CP] Copy Pods Resources */ = {
			isa = PBXShellScriptBuildPhase;
			buildActionMask = 2147483647;
			files = (
			);
			inputPaths = (
				"${SRCROOT}/Pods/Target Support Files/Pods-Conquer World/Pods-Conquer World-resources.sh",
				"${PODS_ROOT}/GoogleSignIn/Resources/GoogleSignIn.bundle",
			);
			name = "[CP] Copy Pods Resources";
			outputPaths = (
				"${TARGET_BUILD_DIR}/${UNLOCALIZED_RESOURCES_FOLDER_PATH}/GoogleSignIn.bundle",
			);
			runOnlyForDeploymentPostprocessing = 0;
			shellPath = /bin/sh;
			shellScript = "\"${SRCROOT}/Pods/Target Support Files/Pods-Conquer World/Pods-Conquer World-resources.sh\"\n";
			showEnvVarsInLog = 0;
		};
		94C08637D75E96DA8F9A8B44 /* [CP] Check Pods Manifest.lock */ = {
			isa = PBXShellScriptBuildPhase;
			buildActionMask = 2147483647;
			files = (
			);
			inputPaths = (
				"${PODS_PODFILE_DIR_PATH}/Podfile.lock",
				"${PODS_ROOT}/Manifest.lock",
			);
			name = "[CP] Check Pods Manifest.lock";
			outputPaths = (
				"$(DERIVED_FILE_DIR)/Pods-Conquer World-checkManifestLockResult.txt",
			);
			runOnlyForDeploymentPostprocessing = 0;
			shellPath = /bin/sh;
			shellScript = "diff \"${PODS_PODFILE_DIR_PATH}/Podfile.lock\" \"${PODS_ROOT}/Manifest.lock\" > /dev/null\nif [ $? != 0 ] ; then\n    # print error to STDERR\n    echo \"error: The sandbox is not in sync with the Podfile.lock. Run 'pod install' or update your CocoaPods installation.\" >&2\n    exit 1\nfi\n# This output is used by Xcode 'outputs' to avoid re-running this script phase.\necho \"SUCCESS\" > \"${SCRIPT_OUTPUT_FILE_0}\"\n";
			showEnvVarsInLog = 0;
		};
/* End PBXShellScriptBuildPhase section */

/* Begin PBXSourcesBuildPhase section */
		32174343208A1ABE006CB6A3 /* Sources */ = {
			isa = PBXSourcesBuildPhase;
			buildActionMask = 2147483647;
			files = (
				328C3A7C208A2355002B680A /* CoreDataStack.swift in Sources */,
				3217434B208A1ABE006CB6A3 /* AppDelegate.swift in Sources */,
				328C3A7A208A2343002B680A /* CWModel.xcdatamodeld in Sources */,
				328C3A89208A2C3E002B680A /* Functions.swift in Sources */,
				328C3A80208A2949002B680A /* LoginViewController.swift in Sources */,
				328C3A84208A2B44002B680A /* CW_Serv_Auth.swift in Sources */,
				328C3A8D208A2CC9002B680A /* UserCW.swift in Sources */,
				328C3A8B208A2CA3002B680A /* Typealias.swift in Sources */,
				328C3A91208A2DB0002B680A /* CW_Serv_User.swift in Sources */,
				328C3A86208A2BA1002B680A /* DB_Collection.swift in Sources */,
			);
			runOnlyForDeploymentPostprocessing = 0;
		};
/* End PBXSourcesBuildPhase section */

/* Begin PBXVariantGroup section */
		3217434E208A1ABE006CB6A3 /* Main.storyboard */ = {
			isa = PBXVariantGroup;
			children = (
				3217434F208A1ABE006CB6A3 /* Base */,
			);
			name = Main.storyboard;
			sourceTree = "<group>";
		};
		32174353208A1AC0006CB6A3 /* LaunchScreen.storyboard */ = {
			isa = PBXVariantGroup;
			children = (
				32174354208A1AC0006CB6A3 /* Base */,
			);
			name = LaunchScreen.storyboard;
			sourceTree = "<group>";
		};
/* End PBXVariantGroup section */

/* Begin XCBuildConfiguration section */
		32174357208A1AC0006CB6A3 /* Debug */ = {
			isa = XCBuildConfiguration;
			buildSettings = {
				ALWAYS_SEARCH_USER_PATHS = NO;
				CLANG_ANALYZER_NONNULL = YES;
				CLANG_ANALYZER_NUMBER_OBJECT_CONVERSION = YES_AGGRESSIVE;
				CLANG_CXX_LANGUAGE_STANDARD = "gnu++14";
				CLANG_CXX_LIBRARY = "libc++";
				CLANG_ENABLE_MODULES = YES;
				CLANG_ENABLE_OBJC_ARC = YES;
				CLANG_ENABLE_OBJC_WEAK = YES;
				CLANG_WARN_BLOCK_CAPTURE_AUTORELEASING = YES;
				CLANG_WARN_BOOL_CONVERSION = YES;
				CLANG_WARN_COMMA = YES;
				CLANG_WARN_CONSTANT_CONVERSION = YES;
				CLANG_WARN_DEPRECATED_OBJC_IMPLEMENTATIONS = YES;
				CLANG_WARN_DIRECT_OBJC_ISA_USAGE = YES_ERROR;
				CLANG_WARN_DOCUMENTATION_COMMENTS = YES;
				CLANG_WARN_EMPTY_BODY = YES;
				CLANG_WARN_ENUM_CONVERSION = YES;
				CLANG_WARN_INFINITE_RECURSION = YES;
				CLANG_WARN_INT_CONVERSION = YES;
				CLANG_WARN_NON_LITERAL_NULL_CONVERSION = YES;
				CLANG_WARN_OBJC_IMPLICIT_RETAIN_SELF = YES;
				CLANG_WARN_OBJC_LITERAL_CONVERSION = YES;
				CLANG_WARN_OBJC_ROOT_CLASS = YES_ERROR;
				CLANG_WARN_RANGE_LOOP_ANALYSIS = YES;
				CLANG_WARN_STRICT_PROTOTYPES = YES;
				CLANG_WARN_SUSPICIOUS_MOVE = YES;
				CLANG_WARN_UNGUARDED_AVAILABILITY = YES_AGGRESSIVE;
				CLANG_WARN_UNREACHABLE_CODE = YES;
				CLANG_WARN__DUPLICATE_METHOD_MATCH = YES;
				CODE_SIGN_IDENTITY = "iPhone Developer";
				COPY_PHASE_STRIP = NO;
				DEBUG_INFORMATION_FORMAT = dwarf;
				ENABLE_STRICT_OBJC_MSGSEND = YES;
				ENABLE_TESTABILITY = YES;
				GCC_C_LANGUAGE_STANDARD = gnu11;
				GCC_DYNAMIC_NO_PIC = NO;
				GCC_NO_COMMON_BLOCKS = YES;
				GCC_OPTIMIZATION_LEVEL = 0;
				GCC_PREPROCESSOR_DEFINITIONS = (
					"DEBUG=1",
					"$(inherited)",
				);
				GCC_WARN_64_TO_32_BIT_CONVERSION = YES;
				GCC_WARN_ABOUT_RETURN_TYPE = YES_ERROR;
				GCC_WARN_UNDECLARED_SELECTOR = YES;
				GCC_WARN_UNINITIALIZED_AUTOS = YES_AGGRESSIVE;
				GCC_WARN_UNUSED_FUNCTION = YES;
				GCC_WARN_UNUSED_VARIABLE = YES;
				IPHONEOS_DEPLOYMENT_TARGET = 11.3;
				MTL_ENABLE_DEBUG_INFO = YES;
				ONLY_ACTIVE_ARCH = YES;
				SDKROOT = iphoneos;
				SWIFT_ACTIVE_COMPILATION_CONDITIONS = DEBUG;
				SWIFT_OPTIMIZATION_LEVEL = "-Onone";
			};
			name = Debug;
		};
		32174358208A1AC0006CB6A3 /* Release */ = {
			isa = XCBuildConfiguration;
			buildSettings = {
				ALWAYS_SEARCH_USER_PATHS = NO;
				CLANG_ANALYZER_NONNULL = YES;
				CLANG_ANALYZER_NUMBER_OBJECT_CONVERSION = YES_AGGRESSIVE;
				CLANG_CXX_LANGUAGE_STANDARD = "gnu++14";
				CLANG_CXX_LIBRARY = "libc++";
				CLANG_ENABLE_MODULES = YES;
				CLANG_ENABLE_OBJC_ARC = YES;
				CLANG_ENABLE_OBJC_WEAK = YES;
				CLANG_WARN_BLOCK_CAPTURE_AUTORELEASING = YES;
				CLANG_WARN_BOOL_CONVERSION = YES;
				CLANG_WARN_COMMA = YES;
				CLANG_WARN_CONSTANT_CONVERSION = YES;
				CLANG_WARN_DEPRECATED_OBJC_IMPLEMENTATIONS = YES;
				CLANG_WARN_DIRECT_OBJC_ISA_USAGE = YES_ERROR;
				CLANG_WARN_DOCUMENTATION_COMMENTS = YES;
				CLANG_WARN_EMPTY_BODY = YES;
				CLANG_WARN_ENUM_CONVERSION = YES;
				CLANG_WARN_INFINITE_RECURSION = YES;
				CLANG_WARN_INT_CONVERSION = YES;
				CLANG_WARN_NON_LITERAL_NULL_CONVERSION = YES;
				CLANG_WARN_OBJC_IMPLICIT_RETAIN_SELF = YES;
				CLANG_WARN_OBJC_LITERAL_CONVERSION = YES;
				CLANG_WARN_OBJC_ROOT_CLASS = YES_ERROR;
				CLANG_WARN_RANGE_LOOP_ANALYSIS = YES;
				CLANG_WARN_STRICT_PROTOTYPES = YES;
				CLANG_WARN_SUSPICIOUS_MOVE = YES;
				CLANG_WARN_UNGUARDED_AVAILABILITY = YES_AGGRESSIVE;
				CLANG_WARN_UNREACHABLE_CODE = YES;
				CLANG_WARN__DUPLICATE_METHOD_MATCH = YES;
				CODE_SIGN_IDENTITY = "iPhone Developer";
				COPY_PHASE_STRIP = NO;
				DEBUG_INFORMATION_FORMAT = "dwarf-with-dsym";
				ENABLE_NS_ASSERTIONS = NO;
				ENABLE_STRICT_OBJC_MSGSEND = YES;
				GCC_C_LANGUAGE_STANDARD = gnu11;
				GCC_NO_COMMON_BLOCKS = YES;
				GCC_WARN_64_TO_32_BIT_CONVERSION = YES;
				GCC_WARN_ABOUT_RETURN_TYPE = YES_ERROR;
				GCC_WARN_UNDECLARED_SELECTOR = YES;
				GCC_WARN_UNINITIALIZED_AUTOS = YES_AGGRESSIVE;
				GCC_WARN_UNUSED_FUNCTION = YES;
				GCC_WARN_UNUSED_VARIABLE = YES;
				IPHONEOS_DEPLOYMENT_TARGET = 11.3;
				MTL_ENABLE_DEBUG_INFO = NO;
				SDKROOT = iphoneos;
				SWIFT_COMPILATION_MODE = wholemodule;
				SWIFT_OPTIMIZATION_LEVEL = "-O";
				VALIDATE_PRODUCT = YES;
			};
			name = Release;
		};
		3217435A208A1AC0006CB6A3 /* Debug */ = {
			isa = XCBuildConfiguration;
			baseConfigurationReference = 32B58608B24A1121FB67668D /* Pods-Conquer World.debug.xcconfig */;
			buildSettings = {
				ASSETCATALOG_COMPILER_APPICON_NAME = AppIcon;
				CODE_SIGN_STYLE = Automatic;
				DEVELOPMENT_TEAM = TLQTU79PLM;
				INFOPLIST_FILE = "Conquer World/Info.plist";
				LD_RUNPATH_SEARCH_PATHS = (
					"$(inherited)",
					"@executable_path/Frameworks",
				);
				PRODUCT_BUNDLE_IDENTIFIER = "com.Nebpehtire.Conquer-World";
				PRODUCT_NAME = "$(TARGET_NAME)";
				SWIFT_VERSION = 4.0;
				TARGETED_DEVICE_FAMILY = "1,2";
			};
			name = Debug;
		};
		3217435B208A1AC0006CB6A3 /* Release */ = {
			isa = XCBuildConfiguration;
			baseConfigurationReference = A6AD42FBF052157DD3DBCA56 /* Pods-Conquer World.release.xcconfig */;
			buildSettings = {
				ASSETCATALOG_COMPILER_APPICON_NAME = AppIcon;
				CODE_SIGN_STYLE = Automatic;
				DEVELOPMENT_TEAM = TLQTU79PLM;
				INFOPLIST_FILE = "Conquer World/Info.plist";
				LD_RUNPATH_SEARCH_PATHS = (
					"$(inherited)",
					"@executable_path/Frameworks",
				);
				PRODUCT_BUNDLE_IDENTIFIER = "com.Nebpehtire.Conquer-World";
				PRODUCT_NAME = "$(TARGET_NAME)";
				SWIFT_VERSION = 4.0;
				TARGETED_DEVICE_FAMILY = "1,2";
			};
			name = Release;
		};
/* End XCBuildConfiguration section */

/* Begin XCConfigurationList section */
		32174342208A1ABE006CB6A3 /* Build configuration list for PBXProject "Conquer World" */ = {
			isa = XCConfigurationList;
			buildConfigurations = (
				32174357208A1AC0006CB6A3 /* Debug */,
				32174358208A1AC0006CB6A3 /* Release */,
			);
			defaultConfigurationIsVisible = 0;
			defaultConfigurationName = Release;
		};
		32174359208A1AC0006CB6A3 /* Build configuration list for PBXNativeTarget "Conquer World" */ = {
			isa = XCConfigurationList;
			buildConfigurations = (
				3217435A208A1AC0006CB6A3 /* Debug */,
				3217435B208A1AC0006CB6A3 /* Release */,
			);
			defaultConfigurationIsVisible = 0;
			defaultConfigurationName = Release;
		};
/* End XCConfigurationList section */

/* Begin XCVersionGroup section */
		328C3A78208A2343002B680A /* CWModel.xcdatamodeld */ = {
			isa = XCVersionGroup;
			children = (
				328C3A79208A2343002B680A /* CWModel.xcdatamodel */,
			);
			currentVersion = 328C3A79208A2343002B680A /* CWModel.xcdatamodel */;
			path = CWModel.xcdatamodeld;
			sourceTree = "<group>";
			versionGroupType = wrapper.xcdatamodel;
		};
/* End XCVersionGroup section */
	};
	rootObject = 3217433F208A1ABE006CB6A3 /* Project object */;
}
